// !$*UTF8*$!
{
	archiveVersion = 1;
	classes = {
	};
	objectVersion = 50;
	objects = {

/* Begin PBXBuildFile section */
		6764859525FF4D4C0024F049 /* AiralityApp.swift in Sources */ = {isa = PBXBuildFile; fileRef = 6764859425FF4D4C0024F049 /* AiralityApp.swift */; };
		6764859725FF4D4C0024F049 /* ContentView.swift in Sources */ = {isa = PBXBuildFile; fileRef = 6764859625FF4D4C0024F049 /* ContentView.swift */; };
		6764859925FF4D4C0024F049 /* Assets.xcassets in Resources */ = {isa = PBXBuildFile; fileRef = 6764859825FF4D4C0024F049 /* Assets.xcassets */; };
		6764859C25FF4D4C0024F049 /* Preview Assets.xcassets in Resources */ = {isa = PBXBuildFile; fileRef = 6764859B25FF4D4C0024F049 /* Preview Assets.xcassets */; };
		676485A725FF56820024F049 /* CityAirQuality.swift in Sources */ = {isa = PBXBuildFile; fileRef = 676485A625FF56820024F049 /* CityAirQuality.swift */; };
		676485CE25FFE5830024F049 /* CityAirQualityVM.swift in Sources */ = {isa = PBXBuildFile; fileRef = 676485CD25FFE5830024F049 /* CityAirQualityVM.swift */; };
		676485D325FFEC200024F049 /* AriVisualAPI.swift in Sources */ = {isa = PBXBuildFile; fileRef = 676485D225FFEC200024F049 /* AriVisualAPI.swift */; };
		676485D825FFEF640024F049 /* ApiClient.swift in Sources */ = {isa = PBXBuildFile; fileRef = 676485D725FFEF640024F049 /* ApiClient.swift */; };
		676B64D426024375002C73DD /* CityAirQualityView.swift in Sources */ = {isa = PBXBuildFile; fileRef = 676B64D326024375002C73DD /* CityAirQualityView.swift */; };
		676B64D726025270002C73DD /* CityTextData.swift in Sources */ = {isa = PBXBuildFile; fileRef = 676B64D626025270002C73DD /* CityTextData.swift */; };
		6798E8EA2600BBB300A47E50 /* CityTestData.json in Resources */ = {isa = PBXBuildFile; fileRef = 6798E8E92600BBB300A47E50 /* CityTestData.json */; };
		67C813FF26035F0D0036A474 /* AirQualityChart.swift in Sources */ = {isa = PBXBuildFile; fileRef = 67C813FE26035F0D0036A474 /* AirQualityChart.swift */; };
		67C8140226037F490036A474 /* Arc.swift in Sources */ = {isa = PBXBuildFile; fileRef = 67C8140126037F490036A474 /* Arc.swift */; };
		67E03E7D2603E30800222F70 /* MyLines.swift in Sources */ = {isa = PBXBuildFile; fileRef = 67E03E7C2603E30800222F70 /* MyLines.swift */; };
/* End PBXBuildFile section */

/* Begin PBXFileReference section */
		6764859125FF4D4C0024F049 /* Airality.app */ = {isa = PBXFileReference; explicitFileType = wrapper.application; includeInIndex = 0; path = Airality.app; sourceTree = BUILT_PRODUCTS_DIR; };
		6764859425FF4D4C0024F049 /* AiralityApp.swift */ = {isa = PBXFileReference; lastKnownFileType = sourcecode.swift; path = AiralityApp.swift; sourceTree = "<group>"; };
		6764859625FF4D4C0024F049 /* ContentView.swift */ = {isa = PBXFileReference; lastKnownFileType = sourcecode.swift; path = ContentView.swift; sourceTree = "<group>"; };
		6764859825FF4D4C0024F049 /* Assets.xcassets */ = {isa = PBXFileReference; lastKnownFileType = folder.assetcatalog; path = Assets.xcassets; sourceTree = "<group>"; };
		6764859B25FF4D4C0024F049 /* Preview Assets.xcassets */ = {isa = PBXFileReference; lastKnownFileType = folder.assetcatalog; path = "Preview Assets.xcassets"; sourceTree = "<group>"; };
		6764859D25FF4D4C0024F049 /* Info.plist */ = {isa = PBXFileReference; lastKnownFileType = text.plist.xml; path = Info.plist; sourceTree = "<group>"; };
		676485A625FF56820024F049 /* CityAirQuality.swift */ = {isa = PBXFileReference; lastKnownFileType = sourcecode.swift; path = CityAirQuality.swift; sourceTree = "<group>"; };
		676485CD25FFE5830024F049 /* CityAirQualityVM.swift */ = {isa = PBXFileReference; lastKnownFileType = sourcecode.swift; path = CityAirQualityVM.swift; sourceTree = "<group>"; };
		676485D225FFEC200024F049 /* AriVisualAPI.swift */ = {isa = PBXFileReference; lastKnownFileType = sourcecode.swift; path = AriVisualAPI.swift; sourceTree = "<group>"; };
		676485D725FFEF640024F049 /* ApiClient.swift */ = {isa = PBXFileReference; lastKnownFileType = sourcecode.swift; path = ApiClient.swift; sourceTree = "<group>"; };
		676B64D326024375002C73DD /* CityAirQualityView.swift */ = {isa = PBXFileReference; lastKnownFileType = sourcecode.swift; path = CityAirQualityView.swift; sourceTree = "<group>"; };
		676B64D626025270002C73DD /* CityTextData.swift */ = {isa = PBXFileReference; lastKnownFileType = sourcecode.swift; path = CityTextData.swift; sourceTree = "<group>"; };
		6798E8E92600BBB300A47E50 /* CityTestData.json */ = {isa = PBXFileReference; fileEncoding = 4; lastKnownFileType = text.json; path = CityTestData.json; sourceTree = "<group>"; };
		67C813FE26035F0D0036A474 /* AirQualityChart.swift */ = {isa = PBXFileReference; lastKnownFileType = sourcecode.swift; path = AirQualityChart.swift; sourceTree = "<group>"; };
		67C8140126037F490036A474 /* Arc.swift */ = {isa = PBXFileReference; lastKnownFileType = sourcecode.swift; path = Arc.swift; sourceTree = "<group>"; };
		67E03E7C2603E30800222F70 /* MyLines.swift */ = {isa = PBXFileReference; lastKnownFileType = sourcecode.swift; path = MyLines.swift; sourceTree = "<group>"; };
/* End PBXFileReference section */

/* Begin PBXFrameworksBuildPhase section */
		6764858E25FF4D4C0024F049 /* Frameworks */ = {
			isa = PBXFrameworksBuildPhase;
			buildActionMask = 2147483647;
			files = (
			);
			runOnlyForDeploymentPostprocessing = 0;
		};
/* End PBXFrameworksBuildPhase section */

/* Begin PBXGroup section */
		6764858825FF4D4C0024F049 = {
			isa = PBXGroup;
			children = (
				6764859325FF4D4C0024F049 /* Airality */,
				6764859225FF4D4C0024F049 /* Products */,
			);
			sourceTree = "<group>";
		};
		6764859225FF4D4C0024F049 /* Products */ = {
			isa = PBXGroup;
			children = (
				6764859125FF4D4C0024F049 /* Airality.app */,
			);
			name = Products;
			sourceTree = "<group>";
		};
		6764859325FF4D4C0024F049 /* Airality */ = {
			isa = PBXGroup;
			children = (
				676485D525FFEDBB0024F049 /* Network */,
				676485CC25FFE5020024F049 /* ViewModels */,
				676485A525FF4E700024F049 /* Views */,
				676485A425FF4E690024F049 /* Models */,
				6764859425FF4D4C0024F049 /* AiralityApp.swift */,
				6764859825FF4D4C0024F049 /* Assets.xcassets */,
				6764859D25FF4D4C0024F049 /* Info.plist */,
				6764859A25FF4D4C0024F049 /* Preview Content */,
			);
			path = Airality;
			sourceTree = "<group>";
		};
		6764859A25FF4D4C0024F049 /* Preview Content */ = {
			isa = PBXGroup;
			children = (
				6764859B25FF4D4C0024F049 /* Preview Assets.xcassets */,
				6798E8E92600BBB300A47E50 /* CityTestData.json */,
				676B64D626025270002C73DD /* CityTextData.swift */,
			);
			path = "Preview Content";
			sourceTree = "<group>";
		};
		676485A425FF4E690024F049 /* Models */ = {
			isa = PBXGroup;
			children = (
				676485A625FF56820024F049 /* CityAirQuality.swift */,
			);
			path = Models;
			sourceTree = "<group>";
		};
		676485A525FF4E700024F049 /* Views */ = {
			isa = PBXGroup;
			children = (
				67E03E7A2603DC3C00222F70 /* Helpers */,
				676B64D12602433A002C73DD /* CityAirQuality */,
				6764859625FF4D4C0024F049 /* ContentView.swift */,
			);
			path = Views;
			sourceTree = "<group>";
		};
		676485CC25FFE5020024F049 /* ViewModels */ = {
			isa = PBXGroup;
			children = (
				676485CD25FFE5830024F049 /* CityAirQualityVM.swift */,
			);
			path = ViewModels;
			sourceTree = "<group>";
		};
		676485D525FFEDBB0024F049 /* Network */ = {
			isa = PBXGroup;
			children = (
				676485D225FFEC200024F049 /* AriVisualAPI.swift */,
				676485D725FFEF640024F049 /* ApiClient.swift */,
			);
			path = Network;
			sourceTree = "<group>";
		};
		676B64D12602433A002C73DD /* CityAirQuality */ = {
			isa = PBXGroup;
			children = (
				676B64D326024375002C73DD /* CityAirQualityView.swift */,
				67C813FE26035F0D0036A474 /* AirQualityChart.swift */,
				67E03E7C2603E30800222F70 /* MyLines.swift */,
			);
			path = CityAirQuality;
			sourceTree = "<group>";
		};
		67E03E7A2603DC3C00222F70 /* Helpers */ = {
			isa = PBXGroup;
			children = (
				67C8140126037F490036A474 /* Arc.swift */,
			);
			path = Helpers;
			sourceTree = "<group>";
		};
/* End PBXGroup section */

/* Begin PBXNativeTarget section */
		6764859025FF4D4C0024F049 /* Airality */ = {
			isa = PBXNativeTarget;
			buildConfigurationList = 676485A025FF4D4C0024F049 /* Build configuration list for PBXNativeTarget "Airality" */;
			buildPhases = (
				6764858D25FF4D4C0024F049 /* Sources */,
				6764858E25FF4D4C0024F049 /* Frameworks */,
				6764858F25FF4D4C0024F049 /* Resources */,
			);
			buildRules = (
			);
			dependencies = (
			);
			name = Airality;
			productName = Airality;
			productReference = 6764859125FF4D4C0024F049 /* Airality.app */;
			productType = "com.apple.product-type.application";
		};
/* End PBXNativeTarget section */

/* Begin PBXProject section */
		6764858925FF4D4C0024F049 /* Project object */ = {
			isa = PBXProject;
			attributes = {
				LastSwiftUpdateCheck = 1240;
				LastUpgradeCheck = 1240;
				TargetAttributes = {
					6764859025FF4D4C0024F049 = {
						CreatedOnToolsVersion = 12.4;
					};
				};
			};
			buildConfigurationList = 6764858C25FF4D4C0024F049 /* Build configuration list for PBXProject "Airality" */;
			compatibilityVersion = "Xcode 9.3";
			developmentRegion = en;
			hasScannedForEncodings = 0;
			knownRegions = (
				en,
				Base,
			);
			mainGroup = 6764858825FF4D4C0024F049;
			productRefGroup = 6764859225FF4D4C0024F049 /* Products */;
			projectDirPath = "";
			projectRoot = "";
			targets = (
				6764859025FF4D4C0024F049 /* Airality */,
			);
		};
/* End PBXProject section */

/* Begin PBXResourcesBuildPhase section */
		6764858F25FF4D4C0024F049 /* Resources */ = {
			isa = PBXResourcesBuildPhase;
			buildActionMask = 2147483647;
			files = (
				6764859C25FF4D4C0024F049 /* Preview Assets.xcassets in Resources */,
				6764859925FF4D4C0024F049 /* Assets.xcassets in Resources */,
				6798E8EA2600BBB300A47E50 /* CityTestData.json in Resources */,
			);
			runOnlyForDeploymentPostprocessing = 0;
		};
/* End PBXResourcesBuildPhase section */

/* Begin PBXSourcesBuildPhase section */
		6764858D25FF4D4C0024F049 /* Sources */ = {
			isa = PBXSourcesBuildPhase;
			buildActionMask = 2147483647;
			files = (
				67C8140226037F490036A474 /* Arc.swift in Sources */,
				67C813FF26035F0D0036A474 /* AirQualityChart.swift in Sources */,
				6764859725FF4D4C0024F049 /* ContentView.swift in Sources */,
				676485A725FF56820024F049 /* CityAirQuality.swift in Sources */,
				676B64D426024375002C73DD /* CityAirQualityView.swift in Sources */,
				67E03E7D2603E30800222F70 /* MyLines.swift in Sources */,
				676485D325FFEC200024F049 /* AriVisualAPI.swift in Sources */,
				676485CE25FFE5830024F049 /* CityAirQualityVM.swift in Sources */,
				676B64D726025270002C73DD /* CityTextData.swift in Sources */,
				6764859525FF4D4C0024F049 /* AiralityApp.swift in Sources */,
				676485D825FFEF640024F049 /* ApiClient.swift in Sources */,
			);
			runOnlyForDeploymentPostprocessing = 0;
		};
/* End PBXSourcesBuildPhase section */

/* Begin XCBuildConfiguration section */
		6764859E25FF4D4C0024F049 /* Debug */ = {
			isa = XCBuildConfiguration;
			buildSettings = {
				ALWAYS_SEARCH_USER_PATHS = NO;
				CLANG_ANALYZER_NONNULL = YES;
				CLANG_ANALYZER_NUMBER_OBJECT_CONVERSION = YES_AGGRESSIVE;
				CLANG_CXX_LANGUAGE_STANDARD = "gnu++14";
				CLANG_CXX_LIBRARY = "libc++";
				CLANG_ENABLE_MODULES = YES;
				CLANG_ENABLE_OBJC_ARC = YES;
				CLANG_ENABLE_OBJC_WEAK = YES;
				CLANG_WARN_BLOCK_CAPTURE_AUTORELEASING = YES;
				CLANG_WARN_BOOL_CONVERSION = YES;
				CLANG_WARN_COMMA = YES;
				CLANG_WARN_CONSTANT_CONVERSION = YES;
				CLANG_WARN_DEPRECATED_OBJC_IMPLEMENTATIONS = YES;
				CLANG_WARN_DIRECT_OBJC_ISA_USAGE = YES_ERROR;
				CLANG_WARN_DOCUMENTATION_COMMENTS = YES;
				CLANG_WARN_EMPTY_BODY = YES;
				CLANG_WARN_ENUM_CONVERSION = YES;
				CLANG_WARN_INFINITE_RECURSION = YES;
				CLANG_WARN_INT_CONVERSION = YES;
				CLANG_WARN_NON_LITERAL_NULL_CONVERSION = YES;
				CLANG_WARN_OBJC_IMPLICIT_RETAIN_SELF = YES;
				CLANG_WARN_OBJC_LITERAL_CONVERSION = YES;
				CLANG_WARN_OBJC_ROOT_CLASS = YES_ERROR;
				CLANG_WARN_QUOTED_INCLUDE_IN_FRAMEWORK_HEADER = YES;
				CLANG_WARN_RANGE_LOOP_ANALYSIS = YES;
				CLANG_WARN_STRICT_PROTOTYPES = YES;
				CLANG_WARN_SUSPICIOUS_MOVE = YES;
				CLANG_WARN_UNGUARDED_AVAILABILITY = YES_AGGRESSIVE;
				CLANG_WARN_UNREACHABLE_CODE = YES;
				CLANG_WARN__DUPLICATE_METHOD_MATCH = YES;
				COPY_PHASE_STRIP = NO;
				DEBUG_INFORMATION_FORMAT = dwarf;
				ENABLE_STRICT_OBJC_MSGSEND = YES;
				ENABLE_TESTABILITY = YES;
				GCC_C_LANGUAGE_STANDARD = gnu11;
				GCC_DYNAMIC_NO_PIC = NO;
				GCC_NO_COMMON_BLOCKS = YES;
				GCC_OPTIMIZATION_LEVEL = 0;
				GCC_PREPROCESSOR_DEFINITIONS = (
					"DEBUG=1",
					"$(inherited)",
				);
				GCC_WARN_64_TO_32_BIT_CONVERSION = YES;
				GCC_WARN_ABOUT_RETURN_TYPE = YES_ERROR;
				GCC_WARN_UNDECLARED_SELECTOR = YES;
				GCC_WARN_UNINITIALIZED_AUTOS = YES_AGGRESSIVE;
				GCC_WARN_UNUSED_FUNCTION = YES;
				GCC_WARN_UNUSED_VARIABLE = YES;
				IPHONEOS_DEPLOYMENT_TARGET = 14.4;
				MTL_ENABLE_DEBUG_INFO = INCLUDE_SOURCE;
				MTL_FAST_MATH = YES;
				ONLY_ACTIVE_ARCH = YES;
				SDKROOT = iphoneos;
				SWIFT_ACTIVE_COMPILATION_CONDITIONS = DEBUG;
				SWIFT_OPTIMIZATION_LEVEL = "-Onone";
			};
			name = Debug;
		};
		6764859F25FF4D4C0024F049 /* Release */ = {
			isa = XCBuildConfiguration;
			buildSettings = {
				ALWAYS_SEARCH_USER_PATHS = NO;
				CLANG_ANALYZER_NONNULL = YES;
				CLANG_ANALYZER_NUMBER_OBJECT_CONVERSION = YES_AGGRESSIVE;
				CLANG_CXX_LANGUAGE_STANDARD = "gnu++14";
				CLANG_CXX_LIBRARY = "libc++";
				CLANG_ENABLE_MODULES = YES;
				CLANG_ENABLE_OBJC_ARC = YES;
				CLANG_ENABLE_OBJC_WEAK = YES;
				CLANG_WARN_BLOCK_CAPTURE_AUTORELEASING = YES;
				CLANG_WARN_BOOL_CONVERSION = YES;
				CLANG_WARN_COMMA = YES;
				CLANG_WARN_CONSTANT_CONVERSION = YES;
				CLANG_WARN_DEPRECATED_OBJC_IMPLEMENTATIONS = YES;
				CLANG_WARN_DIRECT_OBJC_ISA_USAGE = YES_ERROR;
				CLANG_WARN_DOCUMENTATION_COMMENTS = YES;
				CLANG_WARN_EMPTY_BODY = YES;
				CLANG_WARN_ENUM_CONVERSION = YES;
				CLANG_WARN_INFINITE_RECURSION = YES;
				CLANG_WARN_INT_CONVERSION = YES;
				CLANG_WARN_NON_LITERAL_NULL_CONVERSION = YES;
				CLANG_WARN_OBJC_IMPLICIT_RETAIN_SELF = YES;
				CLANG_WARN_OBJC_LITERAL_CONVERSION = YES;
				CLANG_WARN_OBJC_ROOT_CLASS = YES_ERROR;
				CLANG_WARN_QUOTED_INCLUDE_IN_FRAMEWORK_HEADER = YES;
				CLANG_WARN_RANGE_LOOP_ANALYSIS = YES;
				CLANG_WARN_STRICT_PROTOTYPES = YES;
				CLANG_WARN_SUSPICIOUS_MOVE = YES;
				CLANG_WARN_UNGUARDED_AVAILABILITY = YES_AGGRESSIVE;
				CLANG_WARN_UNREACHABLE_CODE = YES;
				CLANG_WARN__DUPLICATE_METHOD_MATCH = YES;
				COPY_PHASE_STRIP = NO;
				DEBUG_INFORMATION_FORMAT = "dwarf-with-dsym";
				ENABLE_NS_ASSERTIONS = NO;
				ENABLE_STRICT_OBJC_MSGSEND = YES;
				GCC_C_LANGUAGE_STANDARD = gnu11;
				GCC_NO_COMMON_BLOCKS = YES;
				GCC_WARN_64_TO_32_BIT_CONVERSION = YES;
				GCC_WARN_ABOUT_RETURN_TYPE = YES_ERROR;
				GCC_WARN_UNDECLARED_SELECTOR = YES;
				GCC_WARN_UNINITIALIZED_AUTOS = YES_AGGRESSIVE;
				GCC_WARN_UNUSED_FUNCTION = YES;
				GCC_WARN_UNUSED_VARIABLE = YES;
				IPHONEOS_DEPLOYMENT_TARGET = 14.4;
				MTL_ENABLE_DEBUG_INFO = NO;
				MTL_FAST_MATH = YES;
				SDKROOT = iphoneos;
				SWIFT_COMPILATION_MODE = wholemodule;
				SWIFT_OPTIMIZATION_LEVEL = "-O";
				VALIDATE_PRODUCT = YES;
			};
			name = Release;
		};
		676485A125FF4D4C0024F049 /* Debug */ = {
			isa = XCBuildConfiguration;
			buildSettings = {
				ASSETCATALOG_COMPILER_APPICON_NAME = AppIcon;
				ASSETCATALOG_COMPILER_GLOBAL_ACCENT_COLOR_NAME = AccentColor;
				CODE_SIGN_STYLE = Automatic;
				DEVELOPMENT_ASSET_PATHS = "\"Airality/Preview Content\"";
				DEVELOPMENT_TEAM = G5ZDNHBD32;
				ENABLE_PREVIEWS = YES;
				INFOPLIST_FILE = Airality/Info.plist;
				IPHONEOS_DEPLOYMENT_TARGET = 14.0;
				LD_RUNPATH_SEARCH_PATHS = (
					"$(inherited)",
					"@executable_path/Frameworks",
				);
				PRODUCT_BUNDLE_IDENTIFIER = justyna.zarzycka.Airality;
				PRODUCT_NAME = "$(TARGET_NAME)";
				SWIFT_VERSION = 5.0;
				TARGETED_DEVICE_FAMILY = "1,2";
			};
			name = Debug;
		};
		676485A225FF4D4C0024F049 /* Release */ = {
			isa = XCBuildConfiguration;
			buildSettings = {
				ASSETCATALOG_COMPILER_APPICON_NAME = AppIcon;
				ASSETCATALOG_COMPILER_GLOBAL_ACCENT_COLOR_NAME = AccentColor;
				CODE_SIGN_STYLE = Automatic;
				DEVELOPMENT_ASSET_PATHS = "\"Airality/Preview Content\"";
				DEVELOPMENT_TEAM = G5ZDNHBD32;
				ENABLE_PREVIEWS = YES;
				INFOPLIST_FILE = Airality/Info.plist;
				IPHONEOS_DEPLOYMENT_TARGET = 14.0;
				LD_RUNPATH_SEARCH_PATHS = (
					"$(inherited)",
					"@executable_path/Frameworks",
				);
				PRODUCT_BUNDLE_IDENTIFIER = justyna.zarzycka.Airality;
				PRODUCT_NAME = "$(TARGET_NAME)";
				SWIFT_VERSION = 5.0;
				TARGETED_DEVICE_FAMILY = "1,2";
			};
			name = Release;
		};
/* End XCBuildConfiguration section */

/* Begin XCConfigurationList section */
		6764858C25FF4D4C0024F049 /* Build configuration list for PBXProject "Airality" */ = {
			isa = XCConfigurationList;
			buildConfigurations = (
				6764859E25FF4D4C0024F049 /* Debug */,
				6764859F25FF4D4C0024F049 /* Release */,
			);
			defaultConfigurationIsVisible = 0;
			defaultConfigurationName = Release;
		};
		676485A025FF4D4C0024F049 /* Build configuration list for PBXNativeTarget "Airality" */ = {
			isa = XCConfigurationList;
			buildConfigurations = (
				676485A125FF4D4C0024F049 /* Debug */,
				676485A225FF4D4C0024F049 /* Release */,
			);
			defaultConfigurationIsVisible = 0;
			defaultConfigurationName = Release;
		};
/* End XCConfigurationList section */
	};
	rootObject = 6764858925FF4D4C0024F049 /* Project object */;
}
